
Microsoft Visual Studio Solution File, Format Version 12.00
# Visual Studio 14
VisualStudioVersion = 14.0.25420.1
MinimumVisualStudioVersion = 10.0.40219.1
Project("{FAE04EC0-301F-11D3-BF4B-00C04F79EFBC}") = "FuckJW2005", "FuckJW2005\FuckJW2005.csproj", "{B14C029A-F3E7-4D17-989F-B62B0C22996A}"
EndProject
Project("{FAE04EC0-301F-11D3-BF4B-00C04F79EFBC}") = "ocr_project", "ocr_project\ocr_project.csproj", "{BBCA76B5-CA2E-4084-9F2C-EEB9128B613A}"
EndProject
Global
	GlobalSection(SolutionConfigurationPlatforms) = preSolution
		Debug|Any CPU = Debug|Any CPU
		Release|Any CPU = Release|Any CPU
	EndGlobalSection
	GlobalSection(ProjectConfigurationPlatforms) = postSolution
		{B14C029A-F3E7-4D17-989F-B62B0C22996A}.Debug|Any CPU.ActiveCfg = Debug|Any CPU
		{B14C029A-F3E7-4D17-989F-B62B0C22996A}.Debug|Any CPU.Build.0 = Debug|Any CPU
		{B14C029A-F3E7-4D17-989F-B62B0C22996A}.Release|Any CPU.ActiveCfg = Release|Any CPU
		{B14C029A-F3E7-4D17-989F-B62B0C22996A}.Release|Any CPU.Build.0 = Release|Any CPU
		{BBCA76B5-CA2E-4084-9F2C-EEB9128B613A}.Debug|Any CPU.ActiveCfg = Debug|Any CPU
		{BBCA76B5-CA2E-4084-9F2C-EEB9128B613A}.Debug|Any CPU.Build.0 = Debug|Any CPU
		{BBCA76B5-CA2E-4084-9F2C-EEB9128B613A}.Release|Any CPU.ActiveCfg = Release|Any CPU
		{BBCA76B5-CA2E-4084-9F2C-EEB9128B613A}.Release|Any CPU.Build.0 = Release|Any CPU
	EndGlobalSection
	GlobalSection(SolutionProperties) = preSolution
		HideSolutionNode = FALSE
	EndGlobalSection
EndGlobal
